{
    "_meta": {
        "hash": {
            "sha256": "43c513e6c33fef5125f3c5c8363c14b07b84dc1015256becafec4b0cb1167985"
        },
        "pipfile-spec": 6,
        "requires": {
            "python_version": "3.9"
        },
        "sources": [
            {
                "name": "pypi",
                "url": "https://pypi.org/simple",
                "verify_ssl": true
            }
        ]
    },
    "default": {
        "et-xmlfile": {
            "hashes": [
                "sha256:614d9722d572f6246302c4491846d2c393c199cfa4edc9af593437691683335b"
            ],
            "version": "==1.0.1"
        },
        "jdcal": {
            "hashes": [
                "sha256:1abf1305fce18b4e8aa248cf8fe0c56ce2032392bc64bbd61b5dff2a19ec8bba",
                "sha256:472872e096eb8df219c23f2689fc336668bdb43d194094b5cc1707e1640acfc8"
            ],
            "version": "==1.4.1"
        },
        "numpy": {
            "hashes": [
                "sha256:08308c38e44cc926bdfce99498b21eec1f848d24c302519e64203a8da99a97db",
                "sha256:09c12096d843b90eafd01ea1b3307e78ddd47a55855ad402b157b6c4862197ce",
                "sha256:13d166f77d6dc02c0a73c1101dd87fdf01339febec1030bd810dcd53fff3b0f1",
                "sha256:141ec3a3300ab89c7f2b0775289954d193cc8edb621ea05f99db9cb181530512",
                "sha256:16c1b388cc31a9baa06d91a19366fb99ddbe1c7b205293ed072211ee5bac1ed2",
                "sha256:18bed2bcb39e3f758296584337966e68d2d5ba6aab7e038688ad53c8f889f757",
                "sha256:1aeef46a13e51931c0b1cf8ae1168b4a55ecd282e6688fdb0a948cc5a1d5afb9",
                "sha256:27d3f3b9e3406579a8af3a9f262f5339005dd25e0ecf3cf1559ff8a49ed5cbf2",
                "sha256:2a2740aa9733d2e5b2dfb33639d98a64c3b0f24765fed86b0fd2aec07f6a0a08",
                "sha256:4377e10b874e653fe96985c05feed2225c912e328c8a26541f7fc600fb9c637b",
                "sha256:448ebb1b3bf64c0267d6b09a7cba26b5ae61b6d2dbabff7c91b660c7eccf2bdb",
                "sha256:50e86c076611212ca62e5a59f518edafe0c0730f7d9195fec718da1a5c2bb1fc",
                "sha256:5734bdc0342aba9dfc6f04920988140fb41234db42381cf7ccba64169f9fe7ac",
                "sha256:64324f64f90a9e4ef732be0928be853eee378fd6a01be21a0a8469c4f2682c83",
                "sha256:6ae6c680f3ebf1cf7ad1d7748868b39d9f900836df774c453c11c5440bc15b36",
                "sha256:6d7593a705d662be5bfe24111af14763016765f43cb6923ed86223f965f52387",
                "sha256:8cac8790a6b1ddf88640a9267ee67b1aee7a57dfa2d2dd33999d080bc8ee3a0f",
                "sha256:8ece138c3a16db8c1ad38f52eb32be6086cc72f403150a79336eb2045723a1ad",
                "sha256:9eeb7d1d04b117ac0d38719915ae169aa6b61fca227b0b7d198d43728f0c879c",
                "sha256:a09f98011236a419ee3f49cedc9ef27d7a1651df07810ae430a6b06576e0b414",
                "sha256:a5d897c14513590a85774180be713f692df6fa8ecf6483e561a6d47309566f37",
                "sha256:ad6f2ff5b1989a4899bf89800a671d71b1612e5ff40866d1f4d8bcf48d4e5764",
                "sha256:c42c4b73121caf0ed6cd795512c9c09c52a7287b04d105d112068c1736d7c753",
                "sha256:cb1017eec5257e9ac6209ac172058c430e834d5d2bc21961dceeb79d111e5909",
                "sha256:d6c7bb82883680e168b55b49c70af29b84b84abb161cbac2800e8fcb6f2109b6",
                "sha256:e452dc66e08a4ce642a961f134814258a082832c78c90351b75c41ad16f79f63",
                "sha256:e5b6ed0f0b42317050c88022349d994fe72bfe35f5908617512cd8c8ef9da2a9",
                "sha256:e9b30d4bd69498fc0c3fe9db5f62fffbb06b8eb9321f92cc970f2969be5e3949",
                "sha256:ec149b90019852266fec2341ce1db513b843e496d5a8e8cdb5ced1923a92faab",
                "sha256:edb01671b3caae1ca00881686003d16c2209e07b7ef8b7639f1867852b948f7c",
                "sha256:f0d3929fe88ee1c155129ecd82f981b8856c5d97bcb0d5f23e9b4242e79d1de3",
                "sha256:f29454410db6ef8126c83bd3c968d143304633d45dc57b51252afbd79d700893",
                "sha256:fe45becb4c2f72a0907c1d0246ea6449fe7a9e2293bb0e11c4e9a32bb0930a15",
                "sha256:fedbd128668ead37f33917820b704784aff695e0019309ad446a6d0b065b57e4"
            ],
            "markers": "python_version >= '3.6'",
            "version": "==1.19.4"
        },
        "openpyxl": {
            "hashes": [
                "sha256:18e11f9a650128a12580a58e3daba14e00a11d9e907c554a17ea016bf1a2c71b",
                "sha256:f7d666b569f729257082cf7ddc56262431878f602dcc2bc3980775c59439cdab"
            ],
            "index": "pypi",
            "version": "==3.0.5"
        },
        "pandas": {
            "hashes": [
                "sha256:0be6102dd99910513e75ed6536284743ead810349c51bdeadd2a5b6649f30abb",
                "sha256:272675a98fa4954b9fc0933df775596fc942e50015d7e75d8f19548808a2bfdf",
                "sha256:2d8b4f532db37418121831a461fd107d826c240b098f52e7a1b4ab3d5aaa4fb2",
                "sha256:33318fa24b192b1a4684347ff76679a7267fd4e547da9f71556a5914f0dc10e7",
                "sha256:3bc6d2be03cb75981d8cbeda09503cd9d6d699fc0dc28a65e197165ad527b7b8",
                "sha256:43482789c55cbabeed9482263cfc98a11e8fcae900cb63ef038948acb4a72570",
                "sha256:616478c1bd8fe1e600f521ae2da434e021c11e7a4e5da3451d02906143d3629a",
                "sha256:6c1a57e4d0d6f9633a07817c44e6b36d81c265fe4c52d0c0505513a2d0f7953c",
                "sha256:7904ee438549b5223ce8dc008772458dd7c5cf0ccc64cf903e81202400702235",
                "sha256:7b54c14130a3448d81eed1348f52429c23e27188d9db6e6d4afeae792bc49c11",
                "sha256:8f92b07cdbfa3704d85b4264e52c216cafe6c0059b0d07cdad8cb29e0b90f2b8",
                "sha256:91fd0b94e7b98528177a05e6f65efea79d7ef9dec15ee48c7c69fc39fdd87235",
                "sha256:9c6692cea6d56da8650847172bdb148622f545e7782d17995822434c79d7a211",
                "sha256:9e18631d996fe131de6cb31a8bdae18965cc8f39eb23fdfbbf42808ecc63dabf",
                "sha256:cba93d4fd3b0a42858b2b599495aff793fb5d94587979f45a14177d1217ba446",
                "sha256:e03386615b970b8b41da6a68afe717626741bb2431cec993640685614c0680e4",
                "sha256:f8b87d2f541cd9bc4ecfe85a561abac85c33fe4de4ce70cca36b2768af2611f5"
            ],
            "index": "pypi",
            "version": "==1.2.0"
        },
        "pdfrw": {
            "hashes": [
                "sha256:0dc0494a0e6561b268542b28ede2280387c2728114f117d3bb5d8e4787b93ef4",
                "sha256:758289edaa3b672e9a1a67504be73c18ec668d4e5b9d5ac9cbc0dc753d8d196b"
            ],
            "index": "pypi",
            "version": "==0.4"
        },
        "pillow": {
            "hashes": [
                "sha256:006de60d7580d81f4a1a7e9f0173dc90a932e3905cc4d47ea909bc946302311a",
                "sha256:0a2e8d03787ec7ad71dc18aec9367c946ef8ef50e1e78c71f743bc3a770f9fae",
                "sha256:0eeeae397e5a79dc088d8297a4c2c6f901f8fb30db47795113a4a605d0f1e5ce",
                "sha256:11c5c6e9b02c9dac08af04f093eb5a2f84857df70a7d4a6a6ad461aca803fb9e",
                "sha256:2fb113757a369a6cdb189f8df3226e995acfed0a8919a72416626af1a0a71140",
                "sha256:4b0ef2470c4979e345e4e0cc1bbac65fda11d0d7b789dbac035e4c6ce3f98adb",
                "sha256:59e903ca800c8cfd1ebe482349ec7c35687b95e98cefae213e271c8c7fffa021",
                "sha256:5abd653a23c35d980b332bc0431d39663b1709d64142e3652890df4c9b6970f6",
                "sha256:5f9403af9c790cc18411ea398a6950ee2def2a830ad0cfe6dc9122e6d528b302",
                "sha256:6b4a8fd632b4ebee28282a9fef4c341835a1aa8671e2770b6f89adc8e8c2703c",
                "sha256:6c1aca8231625115104a06e4389fcd9ec88f0c9befbabd80dc206c35561be271",
                "sha256:795e91a60f291e75de2e20e6bdd67770f793c8605b553cb6e4387ce0cb302e09",
                "sha256:7ba0ba61252ab23052e642abdb17fd08fdcfdbbf3b74c969a30c58ac1ade7cd3",
                "sha256:7c9401e68730d6c4245b8e361d3d13e1035cbc94db86b49dc7da8bec235d0015",
                "sha256:81f812d8f5e8a09b246515fac141e9d10113229bc33ea073fec11403b016bcf3",
                "sha256:895d54c0ddc78a478c80f9c438579ac15f3e27bf442c2a9aa74d41d0e4d12544",
                "sha256:8de332053707c80963b589b22f8e0229f1be1f3ca862a932c1bcd48dafb18dd8",
                "sha256:92c882b70a40c79de9f5294dc99390671e07fc0b0113d472cbea3fde15db1792",
                "sha256:95edb1ed513e68bddc2aee3de66ceaf743590bf16c023fb9977adc4be15bd3f0",
                "sha256:b63d4ff734263ae4ce6593798bcfee6dbfb00523c82753a3a03cbc05555a9cc3",
                "sha256:bd7bf289e05470b1bc74889d1466d9ad4a56d201f24397557b6f65c24a6844b8",
                "sha256:cc3ea6b23954da84dbee8025c616040d9aa5eaf34ea6895a0a762ee9d3e12e11",
                "sha256:cc9ec588c6ef3a1325fa032ec14d97b7309db493782ea8c304666fb10c3bd9a7",
                "sha256:d3d07c86d4efa1facdf32aa878bd508c0dc4f87c48125cc16b937baa4e5b5e11",
                "sha256:d8a96747df78cda35980905bf26e72960cba6d355ace4780d4bdde3b217cdf1e",
                "sha256:e38d58d9138ef972fceb7aeec4be02e3f01d383723965bfcef14d174c8ccd039",
                "sha256:eb472586374dc66b31e36e14720747595c2b265ae962987261f044e5cce644b5",
                "sha256:fbd922f702582cb0d71ef94442bfca57624352622d75e3be7a1e7e9360b07e72"
            ],
            "markers": "python_version >= '3.6'",
            "version": "==8.0.1"
        },
        "pymupdf": {
            "hashes": [
                "sha256:055f96f407ff46428bfa30c12a72cc94dc07d694f2debc1ae86319afa7c19952",
                "sha256:2a0fde5f94d2a8d5deb7ed97e3ded5a78a287e14522e3266219726ee5b821e7a",
                "sha256:38b2cbd7c42025601d7cf57d92adb187862dd4cf0292eefd279ec80ffe9f30ef",
                "sha256:43f42f5cc9543255469fca484b5e6e6be9963bc691d3487c0516b075658bcbd8",
                "sha256:5317389463a0b05ca929011b3915e9a0b79cf7bab21a369073697bc3c6bd9216",
                "sha256:5c84bb30dbefbc03fe95cbcf68045e1b4b39c7de713e84bb14fdab7b7a082448",
                "sha256:7ce1639ca0d2c0dba08a41499798c5cf05fd475a2ea83a16a6b5e4eefb44ad69",
                "sha256:90de33c2c425d7bb15badb01073aa0610950725c96d4a8439c001ac5ffa7aa94",
                "sha256:97e1349cf7f2f581906563ec0f020c92b02ae364f07daf72b028d0042432ba68",
                "sha256:9d90c4d83fe0639e9344311f32c4cb7bbd96ef6b0f80d48b2d878aa6af77276a",
                "sha256:ab710e069531922c75daca7f9abcce86cf2d04c01394445b2b830b5462a144ba",
                "sha256:abec339f8d19ebbc115638e867a6b8af2eb02956fabfbd3c23762e0a29e67a9f",
                "sha256:bb691145720a72287489c2804e6bc0aca0c27592a26f8efc979cfdaaef224d16",
                "sha256:bf55a95ef59cb7393fb1dcd0e82aee8de4036527ca1cf16ec8a3052ec22d11d3",
                "sha256:d085480542e873b746972af7ff07148e3822e626815212c92180f4104044d891",
                "sha256:de0a18f9f283bb9775a9e6c7ed364a37ce5dbbdcf0afb0c3a9ecf301a4c1cd2e",
                "sha256:e3ce406e95b8cf49bfdf7be15a9ba67d210982b3358c5451bf02fdf389bc5f02"
            ],
            "index": "pypi",
            "version": "==1.18.5"
        },
        "pypdf2": {
            "hashes": [
                "sha256:e28f902f2f0a1603ea95ebe21dff311ef09be3d0f0ef29a3e44a932729564385"
            ],
            "index": "pypi",
            "version": "==1.26.0"
        },
        "python-dateutil": {
            "hashes": [
                "sha256:73ebfe9dbf22e832286dafa60473e4cd239f8592f699aa5adaf10050e6e1823c",
                "sha256:75bb3f31ea686f1197762692a9ee6a7550b59fc6ca3a1f4b5d7e32fb98e2da2a"
            ],
            "markers": "python_version >= '2.7' and python_version not in '3.0, 3.1, 3.2, 3.3'",
            "version": "==2.8.1"
        },
        "pytz": {
            "hashes": [
                "sha256:16962c5fb8db4a8f63a26646d8886e9d769b6c511543557bc84e9569fb9a9cb4",
                "sha256:180befebb1927b16f6b57101720075a984c019ac16b1b7575673bea42c6c3da5"
            ],
            "version": "==2020.5"
        },
        "pywin32": {
            "hashes": [
                "sha256:1c204a81daed2089e55d11eefa4826c05e604d27fe2be40b6bf8db7b6a39da63",
                "sha256:27a30b887afbf05a9cbb05e3ffd43104a9b71ce292f64a635389dbad0ed1cd85",
                "sha256:350c5644775736351b77ba68da09a39c760d75d2467ecec37bd3c36a94fbed64",
                "sha256:60a8fa361091b2eea27f15718f8eb7f9297e8d51b54dbc4f55f3d238093d5190",
                "sha256:638b68eea5cfc8def537e43e9554747f8dee786b090e47ead94bfdafdb0f2f50",
                "sha256:8151e4d7a19262d6694162d6da85d99a16f8b908949797fd99c83a0bfaf5807d",
                "sha256:a3b4c48c852d4107e8a8ec980b76c94ce596ea66d60f7a697582ea9dce7e0db7",
                "sha256:b1609ce9bd5c411b81f941b246d683d6508992093203d4eb7f278f4ed1085c3f",
                "sha256:d7e8c7efc221f10d6400c19c32a031add1c4a58733298c09216f57b4fde110dc",
                "sha256:fbb3b1b0fbd0b4fc2a3d1d81fe0783e30062c1abed1d17c32b7879d55858cfae"
            ],
            "index": "pypi",
            "version": "==300"
        },
        "reportlab": {
            "hashes": [
                "sha256:304061d667cf4f1dd876ca4c6b810de36e8f2a23f921644f5d13aef8696d2744",
                "sha256:325db2eba33341af198af735c35f4b9cfe85389b518c0823227fc57a17dd0102",
                "sha256:43c21c700f9248896fea439a4723df56318a5735ec06060ff8ca63c9ce2c5f89",
                "sha256:457973e518ba7c953c55a69cd84af1200b5e38ee2cc3a30a15ca6b4dd4690419",
                "sha256:4cae3d65cd4a4df5e0b4d3bbc27940a356292cca4edd78c1bc833edc7019fb3c",
                "sha256:4ef40295c42134589cbaa1f5dd90b5306d166a20cbfad2368534c5fedd1965b5",
                "sha256:55c196b294c3aabf4557aad820fe637c4bccc5497eeb1d2f067cce6865f7bc9b",
                "sha256:63273b0b044e11c1cfd3654c1526fc00f8dd43f196506fd9dc39d3ac2754f10a",
                "sha256:64cd2c71d4fe5d0011077e5227539a4525f1cbe6f4d09e7dd46a792d0af0ac03",
                "sha256:6a0e16fd8b1558cb21dbfb184298e67a2a03f329087b640bddbf53236e5cb8d8",
                "sha256:6a7c8169a57c2f08ba2eec35e6a0a2758e9f26701f653511041c6691b544670e",
                "sha256:6af38ab5669d2c7a6db81686c945713e1d29a81da4088127588aa58794ddb1cd",
                "sha256:6c89b10e6bafc429840932a25504bf61e1b12e9e87bf4360be9e618377ec13a1",
                "sha256:754803a8545dea3638d191ecc2b02fab8549d37891673307771384e775b8aea6",
                "sha256:7a9df4b4b278cea730a93580411120036bfcc76dc4526c8c11c8bcae1705b811",
                "sha256:7ac43dcd09a5b2ca49ddccf0e176c4bcc17cfa9f78a20afb37ef4326d0be40ab",
                "sha256:7bdce467d72959fc772f63ae7aa8bb430e8bf61f121a36d1e139dc03d1ee4980",
                "sha256:88baa1fdcf433cc4a1193066de6699f273dc0152e1445452cbbb7495aec2acd0",
                "sha256:89a39e122a8e82cc3bdc52c26ef32792e85bec34a0d320932011faa82658a986",
                "sha256:98dbbca6d8ccacd03810d5319f19de506c2f7ef08e33b635138c9ef1a545a21c",
                "sha256:9d8135e304ff064627c16c78aeeb543febe3ef5dd61a1461ae248f0c604a92b1",
                "sha256:9daba1518f9baa71e93946fda162dd836f1b83a66cd4240225bc939afb476dc2",
                "sha256:a80c24e8bc02315b2d7fe08fd2bd392bab27341562e2511fe149dc42fbc39365",
                "sha256:aae28740ac298485c9a3c375e60ddf62f769f5b3bf65f0f61796ff573a78cf40",
                "sha256:afcf2e46ba0f48637367b5a4f653be4694c6322e5aa6c45dfdb2828fc12a35a7",
                "sha256:b6eb0f58ba90757830d59ecaa0fc60f0af5ff7916d9c9cea5ac72d410111ede0",
                "sha256:bb24b1b187a12547b1ef1a08568ee17d9b7e524b10870391e665bb72b097cf94",
                "sha256:bf57e05039ca85986f3f308d43dd5e25920a47b309f5191199626367ee57e7c5",
                "sha256:c29c4d7c157698d2f03d41a2734119ee25b58dc974038f577e7100a51535176d",
                "sha256:d450488def485dce6944ab90f7d23433507e56180bdd0c7fb6886c002fecdc65",
                "sha256:d9392f7074515c9eaccc5396f32a377c1e5223539f5212b77fa3ba0cca2bb450",
                "sha256:dc6ef2cf54abe96171d973870c87d34ba25d6563894b9ec02506401f46972b82",
                "sha256:dfeb20697dbd7710eb8650d3876ce6c7893ed0cb3acbb8f01c2ce009ab33b7e0",
                "sha256:e57ea1e71fa9706a4938a3c771107eae6bdc6f7d1e6673244e47d4df63be0a81",
                "sha256:ee65675d5ee8d2550ba2662ddbb37ba8159cfab9d3ba2380c486043ccb65ec8b",
                "sha256:f2232d79d4df07e521f1c7c2163cc2b535c97c50a909127d974571f65d26ba87",
                "sha256:f22a7bd651f96330b4ed78af7535a1a2f8db4e0e12a4adaaced4bc9cc41180fe",
                "sha256:f81175fb2ddbd187fab7f290bec828f92e2c55a4e4d5bdd40404685674c9e7b7",
                "sha256:fb13de9f224bd9da3b377182c4fcbe959a4f219f5456ef7b9c41daffd73052be",
                "sha256:fd8ffa7bfd7ce2665212b81b7cfc2ed6394a1e0c87bcd76731cbd6d839439cf0"
            ],
            "index": "pypi",
            "version": "==3.5.57"
        },
        "six": {
            "hashes": [
                "sha256:30639c035cdb23534cd4aa2dd52c3bf48f06e5f4a941509c8bafd8ce11080259",
                "sha256:8b74bedcbbbaca38ff6d7491d76f2b06b3592611af620f8426e82dddb04a5ced"
            ],
            "markers": "python_version >= '2.7' and python_version not in '3.0, 3.1, 3.2, 3.3'",
            "version": "==1.15.0"
        }
    },
    "develop": {
        "altgraph": {
            "hashes": [
                "sha256:1f05a47122542f97028caf78775a095fbe6a2699b5089de8477eb583167d69aa",
                "sha256:c623e5f3408ca61d4016f23a681b9adb100802ca3e3da5e718915a9e4052cebe"
            ],
            "version": "==0.17"
        },
        "future": {
            "hashes": [
                "sha256:b1bead90b70cf6ec3f0710ae53a525360fa360d306a86583adc6bf83a4db537d"
            ],
            "markers": "python_version >= '2.6' and python_version not in '3.0, 3.1, 3.2, 3.3'",
            "version": "==0.18.2"
        },
        "pefile": {
            "hashes": [
                "sha256:a5d6e8305c6b210849b47a6174ddf9c452b2888340b8177874b862ba6c207645"
            ],
            "markers": "sys_platform == 'win32'",
            "version": "==2019.4.18"
        },
        "pyinstaller": {
            "hashes": [
                "sha256:954ae81de9a4bc096ff02433b3e245b9272fe53f27cac319e71fe7540952bd3d"
            ],
            "index": "pypi",
            "version": "==4.1"
        },
        "pyinstaller-hooks-contrib": {
            "hashes": [
                "sha256:fa8280b79d8a2b267a2e43ff44f73b3e4a68fc8d205b8d34e8e06c960f7c2fcf",
                "sha256:fc3290a2ca337d1d58c579c223201360bfe74caed6454eaf5a2550b77dbda45c"
            ],
            "version": "==2020.11"
        },
        "pywin32-ctypes": {
            "hashes": [
                "sha256:24ffc3b341d457d48e8922352130cf2644024a4ff09762a2261fd34c36ee5942",
                "sha256:9dc2d991b3479cc2df15930958b674a48a227d5361d413827a4cfd0b5876fc98"
            ],
            "markers": "sys_platform == 'win32'",
            "version": "==0.2.0"
        }
    }
}
